
Microsoft Visual Studio Solution File, Format Version 12.00
# Visual Studio Version 17
VisualStudioVersion = 17.6.33815.320
MinimumVisualStudioVersion = 10.0.40219.1
Project("{FAE04EC0-301F-11D3-BF4B-00C04F79EFBC}") = "day4Assignement1", "day4Assignement1\day4Assignement1.csproj", "{2C71A1D8-02C5-456D-BCB8-2B29B7608750}"
EndProject
Global
	GlobalSection(SolutionConfigurationPlatforms) = preSolution
		Debug|Any CPU = Debug|Any CPU
		Release|Any CPU = Release|Any CPU
	EndGlobalSection
	GlobalSection(ProjectConfigurationPlatforms) = postSolution
		{2C71A1D8-02C5-456D-BCB8-2B29B7608750}.Debug|Any CPU.ActiveCfg = Debug|Any CPU
		{2C71A1D8-02C5-456D-BCB8-2B29B7608750}.Debug|Any CPU.Build.0 = Debug|Any CPU
		{2C71A1D8-02C5-456D-BCB8-2B29B7608750}.Release|Any CPU.ActiveCfg = Release|Any CPU
		{2C71A1D8-02C5-456D-BCB8-2B29B7608750}.Release|Any CPU.Build.0 = Release|Any CPU
	EndGlobalSection
	GlobalSection(SolutionProperties) = preSolution
		HideSolutionNode = FALSE
	EndGlobalSection
	GlobalSection(ExtensibilityGlobals) = postSolution
		SolutionGuid = {E87FB973-7B0D-4B96-AA57-DF4A9ADE533C}
	EndGlobalSection
EndGlobal
